
Microsoft Visual Studio Solution File, Format Version 12.00
# Visual Studio Version 17
VisualStudioVersion = 17.4.33110.190
MinimumVisualStudioVersion = 10.0.40219.1
Project("{FAE04EC0-301F-11D3-BF4B-00C04F79EFBC}") = "NthRoot", "NthRoot.csproj", "{1FD536D8-C01F-4BAA-B7F1-7FCF8CB169A6}"
EndProject
Global
	GlobalSection(SolutionConfigurationPlatforms) = preSolution
		Debug|Any CPU = Debug|Any CPU
		Release|Any CPU = Release|Any CPU
	EndGlobalSection
	GlobalSection(ProjectConfigurationPlatforms) = postSolution
		{1FD536D8-C01F-4BAA-B7F1-7FCF8CB169A6}.Debug|Any CPU.ActiveCfg = Debug|Any CPU
		{1FD536D8-C01F-4BAA-B7F1-7FCF8CB169A6}.Debug|Any CPU.Build.0 = Debug|Any CPU
		{1FD536D8-C01F-4BAA-B7F1-7FCF8CB169A6}.Release|Any CPU.ActiveCfg = Release|Any CPU
		{1FD536D8-C01F-4BAA-B7F1-7FCF8CB169A6}.Release|Any CPU.Build.0 = Release|Any CPU
	EndGlobalSection
	GlobalSection(SolutionProperties) = preSolution
		HideSolutionNode = FALSE
	EndGlobalSection
	GlobalSection(ExtensibilityGlobals) = postSolution
		SolutionGuid = {EB80BF29-04BC-4F87-9A1F-4F68B7344CA7}
	EndGlobalSection
EndGlobal
